
Microsoft Visual Studio Solution File, Format Version 12.00
# Visual Studio 15
VisualStudioVersion = 15.0.28307.421
MinimumVisualStudioVersion = 10.0.40219.1
Project("{888888A0-9F3D-457C-B088-3A5042F75D52}") = "FirstPyNN", "FirstPyNN\FirstPyNN.pyproj", "{CA3440FE-B77E-47D2-AFE9-D0A55CC09B05}"
EndProject
Global
	GlobalSection(SolutionConfigurationPlatforms) = preSolution
		Debug|Any CPU = Debug|Any CPU
		Release|Any CPU = Release|Any CPU
	EndGlobalSection
	GlobalSection(ProjectConfigurationPlatforms) = postSolution
		{CA3440FE-B77E-47D2-AFE9-D0A55CC09B05}.Debug|Any CPU.ActiveCfg = Debug|Any CPU
		{CA3440FE-B77E-47D2-AFE9-D0A55CC09B05}.Release|Any CPU.ActiveCfg = Release|Any CPU
	EndGlobalSection
	GlobalSection(SolutionProperties) = preSolution
		HideSolutionNode = FALSE
	EndGlobalSection
	GlobalSection(ExtensibilityGlobals) = postSolution
		SolutionGuid = {60DF9CB3-D941-4183-9796-9D58C5582908}
	EndGlobalSection
EndGlobal
